// !$*UTF8*$!
{
	archiveVersion = 1;
	classes = {
	};
	objectVersion = 50;
	objects = {

/* Begin PBXBuildFile section */
		2D5E52EA89415A7354D2C504 /* Pods_B_TOP.framework in Frameworks */ = {isa = PBXBuildFile; fileRef = 6FA8E980AFD2D3EF152FEB6B /* Pods_B_TOP.framework */; };
		8417D89C2119DD6000C281C6 /* AppDelegate.swift in Sources */ = {isa = PBXBuildFile; fileRef = 8417D89B2119DD6000C281C6 /* AppDelegate.swift */; };
		8417D89E2119DD6000C281C6 /* ViewController.swift in Sources */ = {isa = PBXBuildFile; fileRef = 8417D89D2119DD6000C281C6 /* ViewController.swift */; };
		8417D8A12119DD6000C281C6 /* Main.storyboard in Resources */ = {isa = PBXBuildFile; fileRef = 8417D89F2119DD6000C281C6 /* Main.storyboard */; };
		8417D8A32119DD6100C281C6 /* Assets.xcassets in Resources */ = {isa = PBXBuildFile; fileRef = 8417D8A22119DD6100C281C6 /* Assets.xcassets */; };
		8417D8A62119DD6100C281C6 /* LaunchScreen.storyboard in Resources */ = {isa = PBXBuildFile; fileRef = 8417D8A42119DD6100C281C6 /* LaunchScreen.storyboard */; };
		8417D8B42119E22600C281C6 /* ServerManager.swift in Sources */ = {isa = PBXBuildFile; fileRef = 8417D8B32119E22600C281C6 /* ServerManager.swift */; };
		8417D8B62119E22E00C281C6 /* HTTPRequestManager.swift in Sources */ = {isa = PBXBuildFile; fileRef = 8417D8B52119E22E00C281C6 /* HTTPRequestManager.swift */; };
		8417D8B82119E23400C281C6 /* HTTPStatusCode.swift in Sources */ = {isa = PBXBuildFile; fileRef = 8417D8B72119E23400C281C6 /* HTTPStatusCode.swift */; };
		8417D8BA2119E38300C281C6 /* Constants.swift in Sources */ = {isa = PBXBuildFile; fileRef = 8417D8B92119E38300C281C6 /* Constants.swift */; };
		8417D8BD2119E3F500C281C6 /* Extensions.swift in Sources */ = {isa = PBXBuildFile; fileRef = 8417D8BC2119E3F500C281C6 /* Extensions.swift */; };
		8417D8BF2119E57900C281C6 /* AllCategories.swift in Sources */ = {isa = PBXBuildFile; fileRef = 8417D8BE2119E57900C281C6 /* AllCategories.swift */; };
		8417D8C32119E7EE00C281C6 /* Alamofire.framework in Frameworks */ = {isa = PBXBuildFile; fileRef = 8417D8C22119E7EE00C281C6 /* Alamofire.framework */; };
		8488E1E0211B10CE00DE3EF5 /* AllCategoriesViewController.swift in Sources */ = {isa = PBXBuildFile; fileRef = 8488E1DF211B10CE00DE3EF5 /* AllCategoriesViewController.swift */; };
		8488E1E2211B18A400DE3EF5 /* AllCategoriesCollectionViewCell.swift in Sources */ = {isa = PBXBuildFile; fileRef = 8488E1E1211B18A400DE3EF5 /* AllCategoriesCollectionViewCell.swift */; };
		8488E1E4211B2DEA00DE3EF5 /* Subcategories.swift in Sources */ = {isa = PBXBuildFile; fileRef = 8488E1E3211B2DEA00DE3EF5 /* Subcategories.swift */; };
		8488E1E6211B3D1D00DE3EF5 /* LanguagesViewController.swift in Sources */ = {isa = PBXBuildFile; fileRef = 8488E1E5211B3D1D00DE3EF5 /* LanguagesViewController.swift */; };
		8488E1EA211B431200DE3EF5 /* LanguagesCollectionViewCell.swift in Sources */ = {isa = PBXBuildFile; fileRef = 8488E1E9211B431100DE3EF5 /* LanguagesCollectionViewCell.swift */; };
/* End PBXBuildFile section */

/* Begin PBXFileReference section */
		6FA8E980AFD2D3EF152FEB6B /* Pods_B_TOP.framework */ = {isa = PBXFileReference; explicitFileType = wrapper.framework; includeInIndex = 0; path = Pods_B_TOP.framework; sourceTree = BUILT_PRODUCTS_DIR; };
		8417D8982119DD6000C281C6 /* B-TOP.app */ = {isa = PBXFileReference; explicitFileType = wrapper.application; includeInIndex = 0; path = "B-TOP.app"; sourceTree = BUILT_PRODUCTS_DIR; };
		8417D89B2119DD6000C281C6 /* AppDelegate.swift */ = {isa = PBXFileReference; lastKnownFileType = sourcecode.swift; path = AppDelegate.swift; sourceTree = "<group>"; };
		8417D89D2119DD6000C281C6 /* ViewController.swift */ = {isa = PBXFileReference; lastKnownFileType = sourcecode.swift; path = ViewController.swift; sourceTree = "<group>"; };
		8417D8A02119DD6000C281C6 /* Base */ = {isa = PBXFileReference; lastKnownFileType = file.storyboard; name = Base; path = Base.lproj/Main.storyboard; sourceTree = "<group>"; };
		8417D8A22119DD6100C281C6 /* Assets.xcassets */ = {isa = PBXFileReference; lastKnownFileType = folder.assetcatalog; path = Assets.xcassets; sourceTree = "<group>"; };
		8417D8A52119DD6100C281C6 /* Base */ = {isa = PBXFileReference; lastKnownFileType = file.storyboard; name = Base; path = Base.lproj/LaunchScreen.storyboard; sourceTree = "<group>"; };
		8417D8A72119DD6100C281C6 /* Info.plist */ = {isa = PBXFileReference; lastKnownFileType = text.plist.xml; path = Info.plist; sourceTree = "<group>"; };
		8417D8B32119E22600C281C6 /* ServerManager.swift */ = {isa = PBXFileReference; lastKnownFileType = sourcecode.swift; path = ServerManager.swift; sourceTree = "<group>"; };
		8417D8B52119E22E00C281C6 /* HTTPRequestManager.swift */ = {isa = PBXFileReference; lastKnownFileType = sourcecode.swift; path = HTTPRequestManager.swift; sourceTree = "<group>"; };
		8417D8B72119E23400C281C6 /* HTTPStatusCode.swift */ = {isa = PBXFileReference; lastKnownFileType = sourcecode.swift; path = HTTPStatusCode.swift; sourceTree = "<group>"; };
		8417D8B92119E38300C281C6 /* Constants.swift */ = {isa = PBXFileReference; lastKnownFileType = sourcecode.swift; path = Constants.swift; sourceTree = "<group>"; };
		8417D8BC2119E3F500C281C6 /* Extensions.swift */ = {isa = PBXFileReference; lastKnownFileType = sourcecode.swift; path = Extensions.swift; sourceTree = "<group>"; };
		8417D8BE2119E57900C281C6 /* AllCategories.swift */ = {isa = PBXFileReference; lastKnownFileType = sourcecode.swift; path = AllCategories.swift; sourceTree = "<group>"; };
		8417D8C22119E7EE00C281C6 /* Alamofire.framework */ = {isa = PBXFileReference; explicitFileType = wrapper.framework; path = Alamofire.framework; sourceTree = BUILT_PRODUCTS_DIR; };
		8488E1DF211B10CE00DE3EF5 /* AllCategoriesViewController.swift */ = {isa = PBXFileReference; lastKnownFileType = sourcecode.swift; path = AllCategoriesViewController.swift; sourceTree = "<group>"; };
		8488E1E1211B18A400DE3EF5 /* AllCategoriesCollectionViewCell.swift */ = {isa = PBXFileReference; lastKnownFileType = sourcecode.swift; path = AllCategoriesCollectionViewCell.swift; sourceTree = "<group>"; };
		8488E1E3211B2DEA00DE3EF5 /* Subcategories.swift */ = {isa = PBXFileReference; lastKnownFileType = sourcecode.swift; path = Subcategories.swift; sourceTree = "<group>"; };
		8488E1E5211B3D1D00DE3EF5 /* LanguagesViewController.swift */ = {isa = PBXFileReference; lastKnownFileType = sourcecode.swift; path = LanguagesViewController.swift; sourceTree = "<group>"; };
		8488E1E9211B431100DE3EF5 /* LanguagesCollectionViewCell.swift */ = {isa = PBXFileReference; lastKnownFileType = sourcecode.swift; path = LanguagesCollectionViewCell.swift; sourceTree = "<group>"; };
		AE610FD023C0453C500453B1 /* Pods-B-TOP.release.xcconfig */ = {isa = PBXFileReference; includeInIndex = 1; lastKnownFileType = text.xcconfig; name = "Pods-B-TOP.release.xcconfig"; path = "Pods/Target Support Files/Pods-B-TOP/Pods-B-TOP.release.xcconfig"; sourceTree = "<group>"; };
		CDD262E95E09665C541B4086 /* Pods-B-TOP.debug.xcconfig */ = {isa = PBXFileReference; includeInIndex = 1; lastKnownFileType = text.xcconfig; name = "Pods-B-TOP.debug.xcconfig"; path = "Pods/Target Support Files/Pods-B-TOP/Pods-B-TOP.debug.xcconfig"; sourceTree = "<group>"; };
/* End PBXFileReference section */

/* Begin PBXFrameworksBuildPhase section */
		8417D8952119DD6000C281C6 /* Frameworks */ = {
			isa = PBXFrameworksBuildPhase;
			buildActionMask = 2147483647;
			files = (
				8417D8C32119E7EE00C281C6 /* Alamofire.framework in Frameworks */,
				2D5E52EA89415A7354D2C504 /* Pods_B_TOP.framework in Frameworks */,
			);
			runOnlyForDeploymentPostprocessing = 0;
		};
/* End PBXFrameworksBuildPhase section */

/* Begin PBXGroup section */
		7D88DCA1E3F5666C3CC2E772 /* Pods */ = {
			isa = PBXGroup;
			children = (
				CDD262E95E09665C541B4086 /* Pods-B-TOP.debug.xcconfig */,
				AE610FD023C0453C500453B1 /* Pods-B-TOP.release.xcconfig */,
			);
			name = Pods;
			sourceTree = "<group>";
		};
		8417D88F2119DD6000C281C6 = {
			isa = PBXGroup;
			children = (
				8417D89A2119DD6000C281C6 /* B-TOP */,
				8417D8992119DD6000C281C6 /* Products */,
				8417D8C12119E7EE00C281C6 /* Frameworks */,
				7D88DCA1E3F5666C3CC2E772 /* Pods */,
			);
			sourceTree = "<group>";
		};
		8417D8992119DD6000C281C6 /* Products */ = {
			isa = PBXGroup;
			children = (
				8417D8982119DD6000C281C6 /* B-TOP.app */,
			);
			name = Products;
			sourceTree = "<group>";
		};
		8417D89A2119DD6000C281C6 /* B-TOP */ = {
			isa = PBXGroup;
			children = (
				8417D8BB2119E3A600C281C6 /* Helpers */,
				8417D89B2119DD6000C281C6 /* AppDelegate.swift */,
				8417D89D2119DD6000C281C6 /* ViewController.swift */,
				8417D8AE2119E14B00C281C6 /* Network */,
				8417D89F2119DD6000C281C6 /* Main.storyboard */,
				8488E1E5211B3D1D00DE3EF5 /* LanguagesViewController.swift */,
				8488E1DF211B10CE00DE3EF5 /* AllCategoriesViewController.swift */,
				8488E1E1211B18A400DE3EF5 /* AllCategoriesCollectionViewCell.swift */,
				8488E1E9211B431100DE3EF5 /* LanguagesCollectionViewCell.swift */,
				8417D8A22119DD6100C281C6 /* Assets.xcassets */,
				8417D8A42119DD6100C281C6 /* LaunchScreen.storyboard */,
				8417D8A72119DD6100C281C6 /* Info.plist */,
			);
			path = "B-TOP";
			sourceTree = "<group>";
		};
		8417D8AE2119E14B00C281C6 /* Network */ = {
			isa = PBXGroup;
			children = (
				8417D8B52119E22E00C281C6 /* HTTPRequestManager.swift */,
				8417D8B72119E23400C281C6 /* HTTPStatusCode.swift */,
				8417D8B32119E22600C281C6 /* ServerManager.swift */,
			);
			path = Network;
			sourceTree = "<group>";
		};
		8417D8BB2119E3A600C281C6 /* Helpers */ = {
			isa = PBXGroup;
			children = (
				8417D8BC2119E3F500C281C6 /* Extensions.swift */,
				8417D8B92119E38300C281C6 /* Constants.swift */,
				8417D8C02119E69C00C281C6 /* Models */,
			);
			path = Helpers;
			sourceTree = "<group>";
		};
		8417D8C02119E69C00C281C6 /* Models */ = {
			isa = PBXGroup;
			children = (
				8417D8BE2119E57900C281C6 /* AllCategories.swift */,
				8488E1E3211B2DEA00DE3EF5 /* Subcategories.swift */,
			);
			path = Models;
			sourceTree = "<group>";
		};
		8417D8C12119E7EE00C281C6 /* Frameworks */ = {
			isa = PBXGroup;
			children = (
				8417D8C22119E7EE00C281C6 /* Alamofire.framework */,
				6FA8E980AFD2D3EF152FEB6B /* Pods_B_TOP.framework */,
			);
			name = Frameworks;
			sourceTree = "<group>";
		};
/* End PBXGroup section */

/* Begin PBXNativeTarget section */
		8417D8972119DD6000C281C6 /* B-TOP */ = {
			isa = PBXNativeTarget;
			buildConfigurationList = 8417D8AA2119DD6100C281C6 /* Build configuration list for PBXNativeTarget "B-TOP" */;
			buildPhases = (
				8E7099BD111E65FA8172998F /* [CP] Check Pods Manifest.lock */,
				8417D8942119DD6000C281C6 /* Sources */,
				8417D8952119DD6000C281C6 /* Frameworks */,
				8417D8962119DD6000C281C6 /* Resources */,
				4747C10EF45ED843A244DED5 /* [CP] Embed Pods Frameworks */,
			);
			buildRules = (
			);
			dependencies = (
			);
			name = "B-TOP";
			productName = "B-TOP";
			productReference = 8417D8982119DD6000C281C6 /* B-TOP.app */;
			productType = "com.apple.product-type.application";
		};
/* End PBXNativeTarget section */

/* Begin PBXProject section */
		8417D8902119DD6000C281C6 /* Project object */ = {
			isa = PBXProject;
			attributes = {
				LastSwiftUpdateCheck = 0940;
				LastUpgradeCheck = 0940;
				ORGANIZATIONNAME = "Ramilia Imankulova";
				TargetAttributes = {
					8417D8972119DD6000C281C6 = {
						CreatedOnToolsVersion = 9.4.1;
					};
				};
			};
			buildConfigurationList = 8417D8932119DD6000C281C6 /* Build configuration list for PBXProject "B-TOP" */;
			compatibilityVersion = "Xcode 9.3";
			developmentRegion = en;
			hasScannedForEncodings = 0;
			knownRegions = (
				en,
				Base,
			);
			mainGroup = 8417D88F2119DD6000C281C6;
			productRefGroup = 8417D8992119DD6000C281C6 /* Products */;
			projectDirPath = "";
			projectRoot = "";
			targets = (
				8417D8972119DD6000C281C6 /* B-TOP */,
			);
		};
/* End PBXProject section */

/* Begin PBXResourcesBuildPhase section */
		8417D8962119DD6000C281C6 /* Resources */ = {
			isa = PBXResourcesBuildPhase;
			buildActionMask = 2147483647;
			files = (
				8417D8A62119DD6100C281C6 /* LaunchScreen.storyboard in Resources */,
				8417D8A32119DD6100C281C6 /* Assets.xcassets in Resources */,
				8417D8A12119DD6000C281C6 /* Main.storyboard in Resources */,
			);
			runOnlyForDeploymentPostprocessing = 0;
		};
/* End PBXResourcesBuildPhase section */

/* Begin PBXShellScriptBuildPhase section */
		4747C10EF45ED843A244DED5 /* [CP] Embed Pods Frameworks */ = {
			isa = PBXShellScriptBuildPhase;
			buildActionMask = 2147483647;
			files = (
			);
			inputPaths = (
				"${SRCROOT}/Pods/Target Support Files/Pods-B-TOP/Pods-B-TOP-frameworks.sh",
				"${BUILT_PRODUCTS_DIR}/Alamofire/Alamofire.framework",
				"${BUILT_PRODUCTS_DIR}/Kingfisher/Kingfisher.framework",
			);
			name = "[CP] Embed Pods Frameworks";
			outputPaths = (
				"${TARGET_BUILD_DIR}/${FRAMEWORKS_FOLDER_PATH}/Alamofire.framework",
				"${TARGET_BUILD_DIR}/${FRAMEWORKS_FOLDER_PATH}/Kingfisher.framework",
			);
			runOnlyForDeploymentPostprocessing = 0;
			shellPath = /bin/sh;
			shellScript = "\"${SRCROOT}/Pods/Target Support Files/Pods-B-TOP/Pods-B-TOP-frameworks.sh\"\n";
			showEnvVarsInLog = 0;
		};
		8E7099BD111E65FA8172998F /* [CP] Check Pods Manifest.lock */ = {
			isa = PBXShellScriptBuildPhase;
			buildActionMask = 2147483647;
			files = (
			);
			inputPaths = (
				"${PODS_PODFILE_DIR_PATH}/Podfile.lock",
				"${PODS_ROOT}/Manifest.lock",
			);
			name = "[CP] Check Pods Manifest.lock";
			outputPaths = (
				"$(DERIVED_FILE_DIR)/Pods-B-TOP-checkManifestLockResult.txt",
			);
			runOnlyForDeploymentPostprocessing = 0;
			shellPath = /bin/sh;
			shellScript = "diff \"${PODS_PODFILE_DIR_PATH}/Podfile.lock\" \"${PODS_ROOT}/Manifest.lock\" > /dev/null\nif [ $? != 0 ] ; then\n    # print error to STDERR\n    echo \"error: The sandbox is not in sync with the Podfile.lock. Run 'pod install' or update your CocoaPods installation.\" >&2\n    exit 1\nfi\n# This output is used by Xcode 'outputs' to avoid re-running this script phase.\necho \"SUCCESS\" > \"${SCRIPT_OUTPUT_FILE_0}\"\n";
			showEnvVarsInLog = 0;
		};
/* End PBXShellScriptBuildPhase section */

/* Begin PBXSourcesBuildPhase section */
		8417D8942119DD6000C281C6 /* Sources */ = {
			isa = PBXSourcesBuildPhase;
			buildActionMask = 2147483647;
			files = (
				8488E1E2211B18A400DE3EF5 /* AllCategoriesCollectionViewCell.swift in Sources */,
				8417D8B82119E23400C281C6 /* HTTPStatusCode.swift in Sources */,
				8488E1E6211B3D1D00DE3EF5 /* LanguagesViewController.swift in Sources */,
				8488E1E4211B2DEA00DE3EF5 /* Subcategories.swift in Sources */,
				8417D89E2119DD6000C281C6 /* ViewController.swift in Sources */,
				8488E1E0211B10CE00DE3EF5 /* AllCategoriesViewController.swift in Sources */,
				8417D8B42119E22600C281C6 /* ServerManager.swift in Sources */,
				8417D89C2119DD6000C281C6 /* AppDelegate.swift in Sources */,
				8417D8B62119E22E00C281C6 /* HTTPRequestManager.swift in Sources */,
				8488E1EA211B431200DE3EF5 /* LanguagesCollectionViewCell.swift in Sources */,
				8417D8BF2119E57900C281C6 /* AllCategories.swift in Sources */,
				8417D8BA2119E38300C281C6 /* Constants.swift in Sources */,
				8417D8BD2119E3F500C281C6 /* Extensions.swift in Sources */,
			);
			runOnlyForDeploymentPostprocessing = 0;
		};
/* End PBXSourcesBuildPhase section */

/* Begin PBXVariantGroup section */
		8417D89F2119DD6000C281C6 /* Main.storyboard */ = {
			isa = PBXVariantGroup;
			children = (
				8417D8A02119DD6000C281C6 /* Base */,
			);
			name = Main.storyboard;
			sourceTree = "<group>";
		};
		8417D8A42119DD6100C281C6 /* LaunchScreen.storyboard */ = {
			isa = PBXVariantGroup;
			children = (
				8417D8A52119DD6100C281C6 /* Base */,
			);
			name = LaunchScreen.storyboard;
			sourceTree = "<group>";
		};
/* End PBXVariantGroup section */

/* Begin XCBuildConfiguration section */
		8417D8A82119DD6100C281C6 /* Debug */ = {
			isa = XCBuildConfiguration;
			buildSettings = {
				ALWAYS_SEARCH_USER_PATHS = NO;
				CLANG_ANALYZER_NONNULL = YES;
				CLANG_ANALYZER_NUMBER_OBJECT_CONVERSION = YES_AGGRESSIVE;
				CLANG_CXX_LANGUAGE_STANDARD = "gnu++14";
				CLANG_CXX_LIBRARY = "libc++";
				CLANG_ENABLE_MODULES = YES;
				CLANG_ENABLE_OBJC_ARC = YES;
				CLANG_ENABLE_OBJC_WEAK = YES;
				CLANG_WARN_BLOCK_CAPTURE_AUTORELEASING = YES;
				CLANG_WARN_BOOL_CONVERSION = YES;
				CLANG_WARN_COMMA = YES;
				CLANG_WARN_CONSTANT_CONVERSION = YES;
				CLANG_WARN_DEPRECATED_OBJC_IMPLEMENTATIONS = YES;
				CLANG_WARN_DIRECT_OBJC_ISA_USAGE = YES_ERROR;
				CLANG_WARN_DOCUMENTATION_COMMENTS = YES;
				CLANG_WARN_EMPTY_BODY = YES;
				CLANG_WARN_ENUM_CONVERSION = YES;
				CLANG_WARN_INFINITE_RECURSION = YES;
				CLANG_WARN_INT_CONVERSION = YES;
				CLANG_WARN_NON_LITERAL_NULL_CONVERSION = YES;
				CLANG_WARN_OBJC_IMPLICIT_RETAIN_SELF = YES;
				CLANG_WARN_OBJC_LITERAL_CONVERSION = YES;
				CLANG_WARN_OBJC_ROOT_CLASS = YES_ERROR;
				CLANG_WARN_RANGE_LOOP_ANALYSIS = YES;
				CLANG_WARN_STRICT_PROTOTYPES = YES;
				CLANG_WARN_SUSPICIOUS_MOVE = YES;
				CLANG_WARN_UNGUARDED_AVAILABILITY = YES_AGGRESSIVE;
				CLANG_WARN_UNREACHABLE_CODE = YES;
				CLANG_WARN__DUPLICATE_METHOD_MATCH = YES;
				CODE_SIGN_IDENTITY = "iPhone Developer";
				COPY_PHASE_STRIP = NO;
				DEBUG_INFORMATION_FORMAT = dwarf;
				ENABLE_STRICT_OBJC_MSGSEND = YES;
				ENABLE_TESTABILITY = YES;
				GCC_C_LANGUAGE_STANDARD = gnu11;
				GCC_DYNAMIC_NO_PIC = NO;
				GCC_NO_COMMON_BLOCKS = YES;
				GCC_OPTIMIZATION_LEVEL = 0;
				GCC_PREPROCESSOR_DEFINITIONS = (
					"DEBUG=1",
					"$(inherited)",
				);
				GCC_WARN_64_TO_32_BIT_CONVERSION = YES;
				GCC_WARN_ABOUT_RETURN_TYPE = YES_ERROR;
				GCC_WARN_UNDECLARED_SELECTOR = YES;
				GCC_WARN_UNINITIALIZED_AUTOS = YES_AGGRESSIVE;
				GCC_WARN_UNUSED_FUNCTION = YES;
				GCC_WARN_UNUSED_VARIABLE = YES;
				IPHONEOS_DEPLOYMENT_TARGET = 11.4;
				MTL_ENABLE_DEBUG_INFO = YES;
				ONLY_ACTIVE_ARCH = YES;
				SDKROOT = iphoneos;
				SWIFT_ACTIVE_COMPILATION_CONDITIONS = DEBUG;
				SWIFT_OPTIMIZATION_LEVEL = "-Onone";
			};
			name = Debug;
		};
		8417D8A92119DD6100C281C6 /* Release */ = {
			isa = XCBuildConfiguration;
			buildSettings = {
				ALWAYS_SEARCH_USER_PATHS = NO;
				CLANG_ANALYZER_NONNULL = YES;
				CLANG_ANALYZER_NUMBER_OBJECT_CONVERSION = YES_AGGRESSIVE;
				CLANG_CXX_LANGUAGE_STANDARD = "gnu++14";
				CLANG_CXX_LIBRARY = "libc++";
				CLANG_ENABLE_MODULES = YES;
				CLANG_ENABLE_OBJC_ARC = YES;
				CLANG_ENABLE_OBJC_WEAK = YES;
				CLANG_WARN_BLOCK_CAPTURE_AUTORELEASING = YES;
				CLANG_WARN_BOOL_CONVERSION = YES;
				CLANG_WARN_COMMA = YES;
				CLANG_WARN_CONSTANT_CONVERSION = YES;
				CLANG_WARN_DEPRECATED_OBJC_IMPLEMENTATIONS = YES;
				CLANG_WARN_DIRECT_OBJC_ISA_USAGE = YES_ERROR;
				CLANG_WARN_DOCUMENTATION_COMMENTS = YES;
				CLANG_WARN_EMPTY_BODY = YES;
				CLANG_WARN_ENUM_CONVERSION = YES;
				CLANG_WARN_INFINITE_RECURSION = YES;
				CLANG_WARN_INT_CONVERSION = YES;
				CLANG_WARN_NON_LITERAL_NULL_CONVERSION = YES;
				CLANG_WARN_OBJC_IMPLICIT_RETAIN_SELF = YES;
				CLANG_WARN_OBJC_LITERAL_CONVERSION = YES;
				CLANG_WARN_OBJC_ROOT_CLASS = YES_ERROR;
				CLANG_WARN_RANGE_LOOP_ANALYSIS = YES;
				CLANG_WARN_STRICT_PROTOTYPES = YES;
				CLANG_WARN_SUSPICIOUS_MOVE = YES;
				CLANG_WARN_UNGUARDED_AVAILABILITY = YES_AGGRESSIVE;
				CLANG_WARN_UNREACHABLE_CODE = YES;
				CLANG_WARN__DUPLICATE_METHOD_MATCH = YES;
				CODE_SIGN_IDENTITY = "iPhone Developer";
				COPY_PHASE_STRIP = NO;
				DEBUG_INFORMATION_FORMAT = "dwarf-with-dsym";
				ENABLE_NS_ASSERTIONS = NO;
				ENABLE_STRICT_OBJC_MSGSEND = YES;
				GCC_C_LANGUAGE_STANDARD = gnu11;
				GCC_NO_COMMON_BLOCKS = YES;
				GCC_WARN_64_TO_32_BIT_CONVERSION = YES;
				GCC_WARN_ABOUT_RETURN_TYPE = YES_ERROR;
				GCC_WARN_UNDECLARED_SELECTOR = YES;
				GCC_WARN_UNINITIALIZED_AUTOS = YES_AGGRESSIVE;
				GCC_WARN_UNUSED_FUNCTION = YES;
				GCC_WARN_UNUSED_VARIABLE = YES;
				IPHONEOS_DEPLOYMENT_TARGET = 11.4;
				MTL_ENABLE_DEBUG_INFO = NO;
				SDKROOT = iphoneos;
				SWIFT_COMPILATION_MODE = wholemodule;
				SWIFT_OPTIMIZATION_LEVEL = "-O";
				VALIDATE_PRODUCT = YES;
			};
			name = Release;
		};
		8417D8AB2119DD6100C281C6 /* Debug */ = {
			isa = XCBuildConfiguration;
			baseConfigurationReference = CDD262E95E09665C541B4086 /* Pods-B-TOP.debug.xcconfig */;
			buildSettings = {
				ASSETCATALOG_COMPILER_APPICON_NAME = AppIcon;
				CODE_SIGN_STYLE = Automatic;
				INFOPLIST_FILE = "B-TOP/Info.plist";
				LD_RUNPATH_SEARCH_PATHS = (
					"$(inherited)",
					"@executable_path/Frameworks",
				);
				PRODUCT_BUNDLE_IDENTIFIER = "Rami.B-TOP";
				PRODUCT_NAME = "$(TARGET_NAME)";
				SWIFT_VERSION = 4.0;
				TARGETED_DEVICE_FAMILY = "1,2";
			};
			name = Debug;
		};
		8417D8AC2119DD6100C281C6 /* Release */ = {
			isa = XCBuildConfiguration;
			baseConfigurationReference = AE610FD023C0453C500453B1 /* Pods-B-TOP.release.xcconfig */;
			buildSettings = {
				ASSETCATALOG_COMPILER_APPICON_NAME = AppIcon;
				CODE_SIGN_STYLE = Automatic;
				INFOPLIST_FILE = "B-TOP/Info.plist";
				LD_RUNPATH_SEARCH_PATHS = (
					"$(inherited)",
					"@executable_path/Frameworks",
				);
				PRODUCT_BUNDLE_IDENTIFIER = "Rami.B-TOP";
				PRODUCT_NAME = "$(TARGET_NAME)";
				SWIFT_VERSION = 4.0;
				TARGETED_DEVICE_FAMILY = "1,2";
			};
			name = Release;
		};
/* End XCBuildConfiguration section */

/* Begin XCConfigurationList section */
		8417D8932119DD6000C281C6 /* Build configuration list for PBXProject "B-TOP" */ = {
			isa = XCConfigurationList;
			buildConfigurations = (
				8417D8A82119DD6100C281C6 /* Debug */,
				8417D8A92119DD6100C281C6 /* Release */,
			);
			defaultConfigurationIsVisible = 0;
			defaultConfigurationName = Release;
		};
		8417D8AA2119DD6100C281C6 /* Build configuration list for PBXNativeTarget "B-TOP" */ = {
			isa = XCConfigurationList;
			buildConfigurations = (
				8417D8AB2119DD6100C281C6 /* Debug */,
				8417D8AC2119DD6100C281C6 /* Release */,
			);
			defaultConfigurationIsVisible = 0;
			defaultConfigurationName = Release;
		};
/* End XCConfigurationList section */
	};
	rootObject = 8417D8902119DD6000C281C6 /* Project object */;
}
